
Microsoft Visual Studio Solution File, Format Version 12.00
# Visual Studio Version 17
VisualStudioVersion = 17.5.002.0
MinimumVisualStudioVersion = 10.0.40219.1
Project("{9A19103F-16F7-4668-BE54-9A1E7A4F7556}") = "LaquaiLib", "LaquaiLib.csproj", "{B25BF6E1-6C81-44BA-8505-858C0B46DCB7}"
EndProject
Global
	GlobalSection(SolutionConfigurationPlatforms) = preSolution
		Debug|Any CPU = Debug|Any CPU
		Release|Any CPU = Release|Any CPU
	EndGlobalSection
	GlobalSection(ProjectConfigurationPlatforms) = postSolution
		{B25BF6E1-6C81-44BA-8505-858C0B46DCB7}.Debug|Any CPU.ActiveCfg = Debug|Any CPU
		{B25BF6E1-6C81-44BA-8505-858C0B46DCB7}.Debug|Any CPU.Build.0 = Debug|Any CPU
		{B25BF6E1-6C81-44BA-8505-858C0B46DCB7}.Release|Any CPU.ActiveCfg = Release|Any CPU
		{B25BF6E1-6C81-44BA-8505-858C0B46DCB7}.Release|Any CPU.Build.0 = Release|Any CPU
	EndGlobalSection
	GlobalSection(SolutionProperties) = preSolution
		HideSolutionNode = FALSE
	EndGlobalSection
	GlobalSection(ExtensibilityGlobals) = postSolution
		SolutionGuid = {E4417D10-9BC1-4D54-B11F-9D8883B12E21}
	EndGlobalSection
EndGlobal
