
Microsoft Visual Studio Solution File, Format Version 12.00
# Visual Studio Version 17
VisualStudioVersion = 17.5.002.0
MinimumVisualStudioVersion = 10.0.40219.1
Project("{9A19103F-16F7-4668-BE54-9A1E7A4F7556}") = "LaquaiLib", "LaquaiLib.csproj", "{BE63B27B-FC64-4DBC-8B81-A392F1001CDA}"
EndProject
Project("{9A19103F-16F7-4668-BE54-9A1E7A4F7556}") = "LaquaiLib_5f5qvfuu_wpftmp", "LaquaiLib_5f5qvfuu_wpftmp.csproj", "{3E706818-4BB0-43E6-BB64-A5563314410A}"
EndProject
Global
	GlobalSection(SolutionConfigurationPlatforms) = preSolution
		Debug|Any CPU = Debug|Any CPU
		Release|Any CPU = Release|Any CPU
	EndGlobalSection
	GlobalSection(ProjectConfigurationPlatforms) = postSolution
		{BE63B27B-FC64-4DBC-8B81-A392F1001CDA}.Debug|Any CPU.ActiveCfg = Debug|Any CPU
		{BE63B27B-FC64-4DBC-8B81-A392F1001CDA}.Debug|Any CPU.Build.0 = Debug|Any CPU
		{BE63B27B-FC64-4DBC-8B81-A392F1001CDA}.Release|Any CPU.ActiveCfg = Release|Any CPU
		{BE63B27B-FC64-4DBC-8B81-A392F1001CDA}.Release|Any CPU.Build.0 = Release|Any CPU
		{3E706818-4BB0-43E6-BB64-A5563314410A}.Debug|Any CPU.ActiveCfg = Debug|Any CPU
		{3E706818-4BB0-43E6-BB64-A5563314410A}.Debug|Any CPU.Build.0 = Debug|Any CPU
		{3E706818-4BB0-43E6-BB64-A5563314410A}.Release|Any CPU.ActiveCfg = Release|Any CPU
		{3E706818-4BB0-43E6-BB64-A5563314410A}.Release|Any CPU.Build.0 = Release|Any CPU
	EndGlobalSection
	GlobalSection(SolutionProperties) = preSolution
		HideSolutionNode = FALSE
	EndGlobalSection
	GlobalSection(ExtensibilityGlobals) = postSolution
		SolutionGuid = {64BCDC09-14A2-47D2-903E-5EA40F5C7445}
	EndGlobalSection
EndGlobal
